
Microsoft Visual Studio Solution File, Format Version 12.00
# Visual Studio Version 17
VisualStudioVersion = 17.0.31903.59
MinimumVisualStudioVersion = 10.0.40219.1
Project("{2150E333-8FDC-42A3-9474-1A3956D46DE8}") = "src", "src", "{827E0CD3-B72D-47B6-A68D-7590B98EB39B}"
EndProject
Project("{FAE04EC0-301F-11D3-BF4B-00C04F79EFBC}") = "CleanArchitecture.API", "src\CleanArchitecture.API\CleanArchitecture.API.csproj", "{F9488582-F329-48BA-BD6C-D3BB8074209A}"
EndProject
Project("{2150E333-8FDC-42A3-9474-1A3956D46DE8}") = "Core", "Core", "{8D626EA8-CB54-BC41-363A-217881BEBA6E}"
EndProject
Project("{FAE04EC0-301F-11D3-BF4B-00C04F79EFBC}") = "CleanArchitecture.Application", "src\Core\CleanArchitecture.Application\CleanArchitecture.Application.csproj", "{7F84E50C-4CC8-44D9-8555-1BA1D40C59D6}"
EndProject
Project("{FAE04EC0-301F-11D3-BF4B-00C04F79EFBC}") = "CleanArchitecture.Domain", "src\Core\CleanArchitecture.Domain\CleanArchitecture.Domain.csproj", "{16AB0A92-4C28-4E48-9A74-2E01D22910BE}"
EndProject
Project("{2150E333-8FDC-42A3-9474-1A3956D46DE8}") = "Infrastructure", "Infrastructure", "{9048EB7F-3875-A59E-E36B-5BD4C6F2A282}"
EndProject
Project("{FAE04EC0-301F-11D3-BF4B-00C04F79EFBC}") = "CleanArchitecture.Identity", "src\Infrastructure\CleanArchitecture.Identity\CleanArchitecture.Identity.csproj", "{B105FDF4-8186-42FD-BACF-72631E75D6EC}"
EndProject
Project("{FAE04EC0-301F-11D3-BF4B-00C04F79EFBC}") = "CleanArchitecture.Infrastructure", "src\Infrastructure\CleanArchitecture.Infrastructure\CleanArchitecture.Infrastructure.csproj", "{5D727EE8-B030-4BAF-A1F6-A362A8CAED16}"
EndProject
Project("{FAE04EC0-301F-11D3-BF4B-00C04F79EFBC}") = "CleanArchitecture.Persistence", "src\Infrastructure\CleanArchitecture.Persistence\CleanArchitecture.Persistence.csproj", "{B8939450-3D53-41CC-8802-330582A599C0}"
EndProject
Project("{2150E333-8FDC-42A3-9474-1A3956D46DE8}") = "test", "test", "{0C88DD14-F956-CE84-757C-A364CCF449FC}"
EndProject
Project("{FAE04EC0-301F-11D3-BF4B-00C04F79EFBC}") = "CleanArchitecture.IntegrationTests", "test\CleanArchitecture.IntegrationTests\CleanArchitecture.IntegrationTests.csproj", "{E45B65B2-CED3-4234-AD21-0C799E6DC3D3}"
EndProject
Project("{FAE04EC0-301F-11D3-BF4B-00C04F79EFBC}") = "CleanArchitecture.UnitTests", "test\CleanArchitecture.UnitTests\CleanArchitecture.UnitTests.csproj", "{F13D2624-C267-4FEA-A73D-10F6A4BCE8E9}"
EndProject
Global
	GlobalSection(SolutionConfigurationPlatforms) = preSolution
		Debug|Any CPU = Debug|Any CPU
		Debug|x64 = Debug|x64
		Debug|x86 = Debug|x86
		Release|Any CPU = Release|Any CPU
		Release|x64 = Release|x64
		Release|x86 = Release|x86
	EndGlobalSection
	GlobalSection(ProjectConfigurationPlatforms) = postSolution
		{F9488582-F329-48BA-BD6C-D3BB8074209A}.Debug|Any CPU.ActiveCfg = Debug|Any CPU
		{F9488582-F329-48BA-BD6C-D3BB8074209A}.Debug|Any CPU.Build.0 = Debug|Any CPU
		{F9488582-F329-48BA-BD6C-D3BB8074209A}.Debug|x64.ActiveCfg = Debug|Any CPU
		{F9488582-F329-48BA-BD6C-D3BB8074209A}.Debug|x64.Build.0 = Debug|Any CPU
		{F9488582-F329-48BA-BD6C-D3BB8074209A}.Debug|x86.ActiveCfg = Debug|Any CPU
		{F9488582-F329-48BA-BD6C-D3BB8074209A}.Debug|x86.Build.0 = Debug|Any CPU
		{F9488582-F329-48BA-BD6C-D3BB8074209A}.Release|Any CPU.ActiveCfg = Release|Any CPU
		{F9488582-F329-48BA-BD6C-D3BB8074209A}.Release|Any CPU.Build.0 = Release|Any CPU
		{F9488582-F329-48BA-BD6C-D3BB8074209A}.Release|x64.ActiveCfg = Release|Any CPU
		{F9488582-F329-48BA-BD6C-D3BB8074209A}.Release|x64.Build.0 = Release|Any CPU
		{F9488582-F329-48BA-BD6C-D3BB8074209A}.Release|x86.ActiveCfg = Release|Any CPU
		{F9488582-F329-48BA-BD6C-D3BB8074209A}.Release|x86.Build.0 = Release|Any CPU
		{7F84E50C-4CC8-44D9-8555-1BA1D40C59D6}.Debug|Any CPU.ActiveCfg = Debug|Any CPU
		{7F84E50C-4CC8-44D9-8555-1BA1D40C59D6}.Debug|Any CPU.Build.0 = Debug|Any CPU
		{7F84E50C-4CC8-44D9-8555-1BA1D40C59D6}.Debug|x64.ActiveCfg = Debug|Any CPU
		{7F84E50C-4CC8-44D9-8555-1BA1D40C59D6}.Debug|x64.Build.0 = Debug|Any CPU
		{7F84E50C-4CC8-44D9-8555-1BA1D40C59D6}.Debug|x86.ActiveCfg = Debug|Any CPU
		{7F84E50C-4CC8-44D9-8555-1BA1D40C59D6}.Debug|x86.Build.0 = Debug|Any CPU
		{7F84E50C-4CC8-44D9-8555-1BA1D40C59D6}.Release|Any CPU.ActiveCfg = Release|Any CPU
		{7F84E50C-4CC8-44D9-8555-1BA1D40C59D6}.Release|Any CPU.Build.0 = Release|Any CPU
		{7F84E50C-4CC8-44D9-8555-1BA1D40C59D6}.Release|x64.ActiveCfg = Release|Any CPU
		{7F84E50C-4CC8-44D9-8555-1BA1D40C59D6}.Release|x64.Build.0 = Release|Any CPU
		{7F84E50C-4CC8-44D9-8555-1BA1D40C59D6}.Release|x86.ActiveCfg = Release|Any CPU
		{7F84E50C-4CC8-44D9-8555-1BA1D40C59D6}.Release|x86.Build.0 = Release|Any CPU
		{16AB0A92-4C28-4E48-9A74-2E01D22910BE}.Debug|Any CPU.ActiveCfg = Debug|Any CPU
		{16AB0A92-4C28-4E48-9A74-2E01D22910BE}.Debug|Any CPU.Build.0 = Debug|Any CPU
		{16AB0A92-4C28-4E48-9A74-2E01D22910BE}.Debug|x64.ActiveCfg = Debug|Any CPU
		{16AB0A92-4C28-4E48-9A74-2E01D22910BE}.Debug|x64.Build.0 = Debug|Any CPU
		{16AB0A92-4C28-4E48-9A74-2E01D22910BE}.Debug|x86.ActiveCfg = Debug|Any CPU
		{16AB0A92-4C28-4E48-9A74-2E01D22910BE}.Debug|x86.Build.0 = Debug|Any CPU
		{16AB0A92-4C28-4E48-9A74-2E01D22910BE}.Release|Any CPU.ActiveCfg = Release|Any CPU
		{16AB0A92-4C28-4E48-9A74-2E01D22910BE}.Release|Any CPU.Build.0 = Release|Any CPU
		{16AB0A92-4C28-4E48-9A74-2E01D22910BE}.Release|x64.ActiveCfg = Release|Any CPU
		{16AB0A92-4C28-4E48-9A74-2E01D22910BE}.Release|x64.Build.0 = Release|Any CPU
		{16AB0A92-4C28-4E48-9A74-2E01D22910BE}.Release|x86.ActiveCfg = Release|Any CPU
		{16AB0A92-4C28-4E48-9A74-2E01D22910BE}.Release|x86.Build.0 = Release|Any CPU
		{B105FDF4-8186-42FD-BACF-72631E75D6EC}.Debug|Any CPU.ActiveCfg = Debug|Any CPU
		{B105FDF4-8186-42FD-BACF-72631E75D6EC}.Debug|Any CPU.Build.0 = Debug|Any CPU
		{B105FDF4-8186-42FD-BACF-72631E75D6EC}.Debug|x64.ActiveCfg = Debug|Any CPU
		{B105FDF4-8186-42FD-BACF-72631E75D6EC}.Debug|x64.Build.0 = Debug|Any CPU
		{B105FDF4-8186-42FD-BACF-72631E75D6EC}.Debug|x86.ActiveCfg = Debug|Any CPU
		{B105FDF4-8186-42FD-BACF-72631E75D6EC}.Debug|x86.Build.0 = Debug|Any CPU
		{B105FDF4-8186-42FD-BACF-72631E75D6EC}.Release|Any CPU.ActiveCfg = Release|Any CPU
		{B105FDF4-8186-42FD-BACF-72631E75D6EC}.Release|Any CPU.Build.0 = Release|Any CPU
		{B105FDF4-8186-42FD-BACF-72631E75D6EC}.Release|x64.ActiveCfg = Release|Any CPU
		{B105FDF4-8186-42FD-BACF-72631E75D6EC}.Release|x64.Build.0 = Release|Any CPU
		{B105FDF4-8186-42FD-BACF-72631E75D6EC}.Release|x86.ActiveCfg = Release|Any CPU
		{B105FDF4-8186-42FD-BACF-72631E75D6EC}.Release|x86.Build.0 = Release|Any CPU
		{5D727EE8-B030-4BAF-A1F6-A362A8CAED16}.Debug|Any CPU.ActiveCfg = Debug|Any CPU
		{5D727EE8-B030-4BAF-A1F6-A362A8CAED16}.Debug|Any CPU.Build.0 = Debug|Any CPU
		{5D727EE8-B030-4BAF-A1F6-A362A8CAED16}.Debug|x64.ActiveCfg = Debug|Any CPU
		{5D727EE8-B030-4BAF-A1F6-A362A8CAED16}.Debug|x64.Build.0 = Debug|Any CPU
		{5D727EE8-B030-4BAF-A1F6-A362A8CAED16}.Debug|x86.ActiveCfg = Debug|Any CPU
		{5D727EE8-B030-4BAF-A1F6-A362A8CAED16}.Debug|x86.Build.0 = Debug|Any CPU
		{5D727EE8-B030-4BAF-A1F6-A362A8CAED16}.Release|Any CPU.ActiveCfg = Release|Any CPU
		{5D727EE8-B030-4BAF-A1F6-A362A8CAED16}.Release|Any CPU.Build.0 = Release|Any CPU
		{5D727EE8-B030-4BAF-A1F6-A362A8CAED16}.Release|x64.ActiveCfg = Release|Any CPU
		{5D727EE8-B030-4BAF-A1F6-A362A8CAED16}.Release|x64.Build.0 = Release|Any CPU
		{5D727EE8-B030-4BAF-A1F6-A362A8CAED16}.Release|x86.ActiveCfg = Release|Any CPU
		{5D727EE8-B030-4BAF-A1F6-A362A8CAED16}.Release|x86.Build.0 = Release|Any CPU
		{B8939450-3D53-41CC-8802-330582A599C0}.Debug|Any CPU.ActiveCfg = Debug|Any CPU
		{B8939450-3D53-41CC-8802-330582A599C0}.Debug|Any CPU.Build.0 = Debug|Any CPU
		{B8939450-3D53-41CC-8802-330582A599C0}.Debug|x64.ActiveCfg = Debug|Any CPU
		{B8939450-3D53-41CC-8802-330582A599C0}.Debug|x64.Build.0 = Debug|Any CPU
		{B8939450-3D53-41CC-8802-330582A599C0}.Debug|x86.ActiveCfg = Debug|Any CPU
		{B8939450-3D53-41CC-8802-330582A599C0}.Debug|x86.Build.0 = Debug|Any CPU
		{B8939450-3D53-41CC-8802-330582A599C0}.Release|Any CPU.ActiveCfg = Release|Any CPU
		{B8939450-3D53-41CC-8802-330582A599C0}.Release|Any CPU.Build.0 = Release|Any CPU
		{B8939450-3D53-41CC-8802-330582A599C0}.Release|x64.ActiveCfg = Release|Any CPU
		{B8939450-3D53-41CC-8802-330582A599C0}.Release|x64.Build.0 = Release|Any CPU
		{B8939450-3D53-41CC-8802-330582A599C0}.Release|x86.ActiveCfg = Release|Any CPU
		{B8939450-3D53-41CC-8802-330582A599C0}.Release|x86.Build.0 = Release|Any CPU
		{E45B65B2-CED3-4234-AD21-0C799E6DC3D3}.Debug|Any CPU.ActiveCfg = Debug|Any CPU
		{E45B65B2-CED3-4234-AD21-0C799E6DC3D3}.Debug|Any CPU.Build.0 = Debug|Any CPU
		{E45B65B2-CED3-4234-AD21-0C799E6DC3D3}.Debug|x64.ActiveCfg = Debug|Any CPU
		{E45B65B2-CED3-4234-AD21-0C799E6DC3D3}.Debug|x64.Build.0 = Debug|Any CPU
		{E45B65B2-CED3-4234-AD21-0C799E6DC3D3}.Debug|x86.ActiveCfg = Debug|Any CPU
		{E45B65B2-CED3-4234-AD21-0C799E6DC3D3}.Debug|x86.Build.0 = Debug|Any CPU
		{E45B65B2-CED3-4234-AD21-0C799E6DC3D3}.Release|Any CPU.ActiveCfg = Release|Any CPU
		{E45B65B2-CED3-4234-AD21-0C799E6DC3D3}.Release|Any CPU.Build.0 = Release|Any CPU
		{E45B65B2-CED3-4234-AD21-0C799E6DC3D3}.Release|x64.ActiveCfg = Release|Any CPU
		{E45B65B2-CED3-4234-AD21-0C799E6DC3D3}.Release|x64.Build.0 = Release|Any CPU
		{E45B65B2-CED3-4234-AD21-0C799E6DC3D3}.Release|x86.ActiveCfg = Release|Any CPU
		{E45B65B2-CED3-4234-AD21-0C799E6DC3D3}.Release|x86.Build.0 = Release|Any CPU
		{F13D2624-C267-4FEA-A73D-10F6A4BCE8E9}.Debug|Any CPU.ActiveCfg = Debug|Any CPU
		{F13D2624-C267-4FEA-A73D-10F6A4BCE8E9}.Debug|Any CPU.Build.0 = Debug|Any CPU
		{F13D2624-C267-4FEA-A73D-10F6A4BCE8E9}.Debug|x64.ActiveCfg = Debug|Any CPU
		{F13D2624-C267-4FEA-A73D-10F6A4BCE8E9}.Debug|x64.Build.0 = Debug|Any CPU
		{F13D2624-C267-4FEA-A73D-10F6A4BCE8E9}.Debug|x86.ActiveCfg = Debug|Any CPU
		{F13D2624-C267-4FEA-A73D-10F6A4BCE8E9}.Debug|x86.Build.0 = Debug|Any CPU
		{F13D2624-C267-4FEA-A73D-10F6A4BCE8E9}.Release|Any CPU.ActiveCfg = Release|Any CPU
		{F13D2624-C267-4FEA-A73D-10F6A4BCE8E9}.Release|Any CPU.Build.0 = Release|Any CPU
		{F13D2624-C267-4FEA-A73D-10F6A4BCE8E9}.Release|x64.ActiveCfg = Release|Any CPU
		{F13D2624-C267-4FEA-A73D-10F6A4BCE8E9}.Release|x64.Build.0 = Release|Any CPU
		{F13D2624-C267-4FEA-A73D-10F6A4BCE8E9}.Release|x86.ActiveCfg = Release|Any CPU
		{F13D2624-C267-4FEA-A73D-10F6A4BCE8E9}.Release|x86.Build.0 = Release|Any CPU
	EndGlobalSection
	GlobalSection(SolutionProperties) = preSolution
		HideSolutionNode = FALSE
	EndGlobalSection
	GlobalSection(NestedProjects) = preSolution
		{F9488582-F329-48BA-BD6C-D3BB8074209A} = {827E0CD3-B72D-47B6-A68D-7590B98EB39B}
		{8D626EA8-CB54-BC41-363A-217881BEBA6E} = {827E0CD3-B72D-47B6-A68D-7590B98EB39B}
		{7F84E50C-4CC8-44D9-8555-1BA1D40C59D6} = {8D626EA8-CB54-BC41-363A-217881BEBA6E}
		{16AB0A92-4C28-4E48-9A74-2E01D22910BE} = {8D626EA8-CB54-BC41-363A-217881BEBA6E}
		{9048EB7F-3875-A59E-E36B-5BD4C6F2A282} = {827E0CD3-B72D-47B6-A68D-7590B98EB39B}
		{B105FDF4-8186-42FD-BACF-72631E75D6EC} = {9048EB7F-3875-A59E-E36B-5BD4C6F2A282}
		{5D727EE8-B030-4BAF-A1F6-A362A8CAED16} = {9048EB7F-3875-A59E-E36B-5BD4C6F2A282}
		{B8939450-3D53-41CC-8802-330582A599C0} = {9048EB7F-3875-A59E-E36B-5BD4C6F2A282}
		{E45B65B2-CED3-4234-AD21-0C799E6DC3D3} = {0C88DD14-F956-CE84-757C-A364CCF449FC}
		{F13D2624-C267-4FEA-A73D-10F6A4BCE8E9} = {0C88DD14-F956-CE84-757C-A364CCF449FC}
	EndGlobalSection
EndGlobal
